
Microsoft Visual Studio Solution File, Format Version 12.00
# Visual Studio Version 17
VisualStudioVersion = 17.12.35707.178 d17.12
MinimumVisualStudioVersion = 10.0.40219.1
Project("{FAE04EC0-301F-11D3-BF4B-00C04F79EFBC}") = "COMP003A.LectureActivity5-3.", "..\COMP003A.LectureActivity5-3\COMP003A.LectureActivity5-3\COMP003A.LectureActivity5-3..csproj", "{99D68B71-DA68-4AD5-99AC-9D96ADB02939}"
EndProject
Global
	GlobalSection(SolutionConfigurationPlatforms) = preSolution
		Debug|Any CPU = Debug|Any CPU
		Release|Any CPU = Release|Any CPU
	EndGlobalSection
	GlobalSection(ProjectConfigurationPlatforms) = postSolution
		{99D68B71-DA68-4AD5-99AC-9D96ADB02939}.Debug|Any CPU.ActiveCfg = Debug|Any CPU
		{99D68B71-DA68-4AD5-99AC-9D96ADB02939}.Debug|Any CPU.Build.0 = Debug|Any CPU
		{99D68B71-DA68-4AD5-99AC-9D96ADB02939}.Release|Any CPU.ActiveCfg = Release|Any CPU
		{99D68B71-DA68-4AD5-99AC-9D96ADB02939}.Release|Any CPU.Build.0 = Release|Any CPU
	EndGlobalSection
	GlobalSection(SolutionProperties) = preSolution
		HideSolutionNode = FALSE
	EndGlobalSection
EndGlobal
